
Microsoft Visual Studio Solution File, Format Version 12.00
# Visual Studio Version 17
VisualStudioVersion = 17.2.32616.157
MinimumVisualStudioVersion = 10.0.40219.1
Project("{9A19103F-16F7-4668-BE54-9A1E7A4F7556}") = "IVilson.AI.Yolov7net", "src\Yolov7net\IVilson.AI.Yolov7net.csproj", "{7864954C-DB16-4C4F-9DEA-6C8BBF3F1163}"
EndProject
Project("{9A19103F-16F7-4668-BE54-9A1E7A4F7556}") = "Yolov7net.test", "test\Yolov7net.test\Yolov7net.test.csproj", "{A3A4B630-0D0F-4BA2-9AEC-EDA2651DD8DD}"
EndProject
Project("{9A19103F-16F7-4668-BE54-9A1E7A4F7556}") = "Yolov7netPerformance", "benchmark\Yolov7netPerformance\Yolov7netPerformance.csproj", "{1A94F92A-599D-41F0-B1AB-BE4455A3440E}"
EndProject
Project("{9A19103F-16F7-4668-BE54-9A1E7A4F7556}") = "Yolov7net.Demo", "Yolov7net.Demo\Yolov7net.Demo.csproj", "{3B67D708-FBE1-48B1-BDDA-D9FBCE2D479C}"
EndProject
Project("{FAE04EC0-301F-11D3-BF4B-00C04F79EFBC}") = "IVilson.AI.Yolov7net.Command", "src\IVilson.AI.Yolov7net.Command\IVilson.AI.Yolov7net.Command.csproj", "{2A957A25-2863-414B-8C43-5443BC77A15D}"
EndProject
Global
	GlobalSection(SolutionConfigurationPlatforms) = preSolution
		Debug|Any CPU = Debug|Any CPU
		Debug|x64 = Debug|x64
		Debug|x86 = Debug|x86
		Release|Any CPU = Release|Any CPU
		Release|x64 = Release|x64
		Release|x86 = Release|x86
	EndGlobalSection
	GlobalSection(ProjectConfigurationPlatforms) = postSolution
		{7864954C-DB16-4C4F-9DEA-6C8BBF3F1163}.Debug|Any CPU.ActiveCfg = Debug|Any CPU
		{7864954C-DB16-4C4F-9DEA-6C8BBF3F1163}.Debug|Any CPU.Build.0 = Debug|Any CPU
		{7864954C-DB16-4C4F-9DEA-6C8BBF3F1163}.Debug|x64.ActiveCfg = Debug|Any CPU
		{7864954C-DB16-4C4F-9DEA-6C8BBF3F1163}.Debug|x64.Build.0 = Debug|Any CPU
		{7864954C-DB16-4C4F-9DEA-6C8BBF3F1163}.Debug|x86.ActiveCfg = Debug|Any CPU
		{7864954C-DB16-4C4F-9DEA-6C8BBF3F1163}.Debug|x86.Build.0 = Debug|Any CPU
		{7864954C-DB16-4C4F-9DEA-6C8BBF3F1163}.Release|Any CPU.ActiveCfg = Release|Any CPU
		{7864954C-DB16-4C4F-9DEA-6C8BBF3F1163}.Release|Any CPU.Build.0 = Release|Any CPU
		{7864954C-DB16-4C4F-9DEA-6C8BBF3F1163}.Release|x64.ActiveCfg = Release|Any CPU
		{7864954C-DB16-4C4F-9DEA-6C8BBF3F1163}.Release|x64.Build.0 = Release|Any CPU
		{7864954C-DB16-4C4F-9DEA-6C8BBF3F1163}.Release|x86.ActiveCfg = Release|Any CPU
		{7864954C-DB16-4C4F-9DEA-6C8BBF3F1163}.Release|x86.Build.0 = Release|Any CPU
		{A3A4B630-0D0F-4BA2-9AEC-EDA2651DD8DD}.Debug|Any CPU.ActiveCfg = Debug|Any CPU
		{A3A4B630-0D0F-4BA2-9AEC-EDA2651DD8DD}.Debug|Any CPU.Build.0 = Debug|Any CPU
		{A3A4B630-0D0F-4BA2-9AEC-EDA2651DD8DD}.Debug|x64.ActiveCfg = Debug|Any CPU
		{A3A4B630-0D0F-4BA2-9AEC-EDA2651DD8DD}.Debug|x64.Build.0 = Debug|Any CPU
		{A3A4B630-0D0F-4BA2-9AEC-EDA2651DD8DD}.Debug|x86.ActiveCfg = Debug|Any CPU
		{A3A4B630-0D0F-4BA2-9AEC-EDA2651DD8DD}.Debug|x86.Build.0 = Debug|Any CPU
		{A3A4B630-0D0F-4BA2-9AEC-EDA2651DD8DD}.Release|Any CPU.ActiveCfg = Release|Any CPU
		{A3A4B630-0D0F-4BA2-9AEC-EDA2651DD8DD}.Release|Any CPU.Build.0 = Release|Any CPU
		{A3A4B630-0D0F-4BA2-9AEC-EDA2651DD8DD}.Release|x64.ActiveCfg = Release|Any CPU
		{A3A4B630-0D0F-4BA2-9AEC-EDA2651DD8DD}.Release|x64.Build.0 = Release|Any CPU
		{A3A4B630-0D0F-4BA2-9AEC-EDA2651DD8DD}.Release|x86.ActiveCfg = Release|Any CPU
		{A3A4B630-0D0F-4BA2-9AEC-EDA2651DD8DD}.Release|x86.Build.0 = Release|Any CPU
		{1A94F92A-599D-41F0-B1AB-BE4455A3440E}.Debug|Any CPU.ActiveCfg = Debug|Any CPU
		{1A94F92A-599D-41F0-B1AB-BE4455A3440E}.Debug|Any CPU.Build.0 = Debug|Any CPU
		{1A94F92A-599D-41F0-B1AB-BE4455A3440E}.Debug|x64.ActiveCfg = Debug|Any CPU
		{1A94F92A-599D-41F0-B1AB-BE4455A3440E}.Debug|x64.Build.0 = Debug|Any CPU
		{1A94F92A-599D-41F0-B1AB-BE4455A3440E}.Debug|x86.ActiveCfg = Debug|Any CPU
		{1A94F92A-599D-41F0-B1AB-BE4455A3440E}.Debug|x86.Build.0 = Debug|Any CPU
		{1A94F92A-599D-41F0-B1AB-BE4455A3440E}.Release|Any CPU.ActiveCfg = Release|Any CPU
		{1A94F92A-599D-41F0-B1AB-BE4455A3440E}.Release|Any CPU.Build.0 = Release|Any CPU
		{1A94F92A-599D-41F0-B1AB-BE4455A3440E}.Release|x64.ActiveCfg = Release|Any CPU
		{1A94F92A-599D-41F0-B1AB-BE4455A3440E}.Release|x64.Build.0 = Release|Any CPU
		{1A94F92A-599D-41F0-B1AB-BE4455A3440E}.Release|x86.ActiveCfg = Release|Any CPU
		{1A94F92A-599D-41F0-B1AB-BE4455A3440E}.Release|x86.Build.0 = Release|Any CPU
		{3B67D708-FBE1-48B1-BDDA-D9FBCE2D479C}.Debug|Any CPU.ActiveCfg = Debug|Any CPU
		{3B67D708-FBE1-48B1-BDDA-D9FBCE2D479C}.Debug|Any CPU.Build.0 = Debug|Any CPU
		{3B67D708-FBE1-48B1-BDDA-D9FBCE2D479C}.Debug|x64.ActiveCfg = Debug|Any CPU
		{3B67D708-FBE1-48B1-BDDA-D9FBCE2D479C}.Debug|x64.Build.0 = Debug|Any CPU
		{3B67D708-FBE1-48B1-BDDA-D9FBCE2D479C}.Debug|x86.ActiveCfg = Debug|Any CPU
		{3B67D708-FBE1-48B1-BDDA-D9FBCE2D479C}.Debug|x86.Build.0 = Debug|Any CPU
		{3B67D708-FBE1-48B1-BDDA-D9FBCE2D479C}.Release|Any CPU.ActiveCfg = Release|Any CPU
		{3B67D708-FBE1-48B1-BDDA-D9FBCE2D479C}.Release|Any CPU.Build.0 = Release|Any CPU
		{3B67D708-FBE1-48B1-BDDA-D9FBCE2D479C}.Release|x64.ActiveCfg = Release|Any CPU
		{3B67D708-FBE1-48B1-BDDA-D9FBCE2D479C}.Release|x64.Build.0 = Release|Any CPU
		{3B67D708-FBE1-48B1-BDDA-D9FBCE2D479C}.Release|x86.ActiveCfg = Release|Any CPU
		{3B67D708-FBE1-48B1-BDDA-D9FBCE2D479C}.Release|x86.Build.0 = Release|Any CPU
		{2A957A25-2863-414B-8C43-5443BC77A15D}.Debug|Any CPU.ActiveCfg = Debug|Any CPU
		{2A957A25-2863-414B-8C43-5443BC77A15D}.Debug|Any CPU.Build.0 = Debug|Any CPU
		{2A957A25-2863-414B-8C43-5443BC77A15D}.Debug|x64.ActiveCfg = Debug|Any CPU
		{2A957A25-2863-414B-8C43-5443BC77A15D}.Debug|x64.Build.0 = Debug|Any CPU
		{2A957A25-2863-414B-8C43-5443BC77A15D}.Debug|x86.ActiveCfg = Debug|Any CPU
		{2A957A25-2863-414B-8C43-5443BC77A15D}.Debug|x86.Build.0 = Debug|Any CPU
		{2A957A25-2863-414B-8C43-5443BC77A15D}.Release|Any CPU.ActiveCfg = Release|Any CPU
		{2A957A25-2863-414B-8C43-5443BC77A15D}.Release|Any CPU.Build.0 = Release|Any CPU
		{2A957A25-2863-414B-8C43-5443BC77A15D}.Release|x64.ActiveCfg = Release|Any CPU
		{2A957A25-2863-414B-8C43-5443BC77A15D}.Release|x64.Build.0 = Release|Any CPU
		{2A957A25-2863-414B-8C43-5443BC77A15D}.Release|x86.ActiveCfg = Release|Any CPU
		{2A957A25-2863-414B-8C43-5443BC77A15D}.Release|x86.Build.0 = Release|Any CPU
	EndGlobalSection
	GlobalSection(SolutionProperties) = preSolution
		HideSolutionNode = FALSE
	EndGlobalSection
	GlobalSection(ExtensibilityGlobals) = postSolution
		SolutionGuid = {E2819BD4-F465-4B50-ABD5-4CA91DCCD8E8}
	EndGlobalSection
EndGlobal
